<?xml version="1.0" encoding="utf-8"?>
<Project ToolsVersion="4.0" xmlns="http://schemas.microsoft.com/developer/msbuild/2003">
  <ItemGroup>
    <Filter Include="Exceptions">
      <UniqueIdentifier>{3ba53a1f-b721-4294-bc98-8a58d20e754b}</UniqueIdentifier>
    </Filter>
    <Filter Include="Precompile">
      <UniqueIdentifier>{93995380-89BD-4b04-88EB-625FBE52EBFB}</UniqueIdentifier>
      <Extensions>h;hh;hpp;hxx;h++;hm;inl;inc;ipp;xsd</Extensions>
    </Filter>
    <Filter Include="View">
      <UniqueIdentifier>{ff1e9a89-0f9d-4615-892b-2296895897c6}</UniqueIdentifier>
    </Filter>
    <Filter Include="DefaultPatterns">
      <UniqueIdentifier>{16bbabae-03d5-44b4-83c9-ea0c6f913d6e}</UniqueIdentifier>
    </Filter>
    <Filter Include="Data">
      <UniqueIdentifier>{4FC737F1-C7A5-4376-A066-2A32D752A2FF}</UniqueIdentifier>
      <Extensions>cpp;c;cc;cxx;c++;cppm;ixx;def;odl;idl;hpj;bat;asm;asmx</Extensions>
    </Filter>
    <Filter Include="Facade">
      <UniqueIdentifier>{da880bc9-19ba-48ae-aea1-1974a788302e}</UniqueIdentifier>
    </Filter>
    <Filter Include="Managers">
      <UniqueIdentifier>{e7cb89ad-96d1-4d44-a5fc-088d4a5955a5}</UniqueIdentifier>
    </Filter>
    <Filter Include="Data\Basic">
      <UniqueIdentifier>{3f377887-bb3e-4871-a2a4-758a3a8add83}</UniqueIdentifier>
    </Filter>
    <Filter Include="Data\Scene">
      <UniqueIdentifier>{cecc0965-9c0c-4777-baf2-fb26a66f1c77}</UniqueIdentifier>
    </Filter>
    <Filter Include="Initialization">
      <UniqueIdentifier>{ebb0860f-0706-46e1-861c-e7121eaea02c}</UniqueIdentifier>
    </Filter>
    <Filter Include="Managers\Renderer">
      <UniqueIdentifier>{d979f988-f729-4e3e-8179-2c8423a28377}</UniqueIdentifier>
    </Filter>
  </ItemGroup>
  <ItemGroup>
    <ClInclude Include="pch.h">
      <Filter>Precompile</Filter>
    </ClInclude>
    <ClInclude Include="property.h">
      <Filter>DefaultPatterns</Filter>
    </ClInclude>
    <ClInclude Include="jprintable.h">
      <Filter>Data</Filter>
    </ClInclude>
    <ClInclude Include="jcommand.h">
      <Filter>Facade</Filter>
    </ClInclude>
    <ClInclude Include="jmanager.h">
      <Filter>Facade</Filter>
    </ClInclude>
    <ClInclude Include="jmodelviewer.h">
      <Filter>Facade</Filter>
    </ClInclude>
    <ClInclude Include="jscenemanagercommands.h">
      <Filter>Managers</Filter>
    </ClInclude>
    <ClInclude Include="jscenemanager.h">
      <Filter>Managers</Filter>
    </ClInclude>
    <ClInclude Include="jpainter.h">
      <Filter>View</Filter>
    </ClInclude>
    <ClInclude Include="jscreenline.h">
      <Filter>View</Filter>
    </ClInclude>
    <ClInclude Include="jscreenpoint.h">
      <Filter>View</Filter>
    </ClInclude>
    <ClInclude Include="jrendermanager.h">
      <Filter>Managers</Filter>
    </ClInclude>
    <ClInclude Include="jangle.h">
      <Filter>Data\Basic</Filter>
    </ClInclude>
    <ClInclude Include="jvector3d.h">
      <Filter>Data\Basic</Filter>
    </ClInclude>
    <ClInclude Include="jreal.h">
      <Filter>Data\Basic</Filter>
    </ClInclude>
    <ClInclude Include="jmodel3d.h">
      <Filter>Data\Scene</Filter>
    </ClInclude>
    <ClInclude Include="jsceneobject.h">
      <Filter>Data\Scene</Filter>
    </ClInclude>
    <ClInclude Include="jmodel3d_impl.h">
      <Filter>Data\Scene</Filter>
    </ClInclude>
    <ClInclude Include="jpolygonalmodel3d_impl.h">
      <Filter>Data\Scene</Filter>
    </ClInclude>
    <ClInclude Include="jsceneobjectcreator.h">
      <Filter>Initialization</Filter>
    </ClInclude>
    <ClInclude Include="jcameracreator.h">
      <Filter>Initialization</Filter>
    </ClInclude>
    <ClInclude Include="jmodelcreator.h">
      <Filter>Initialization</Filter>
    </ClInclude>
    <ClInclude Include="jpolygonalmodelcreator.h">
      <Filter>Initialization</Filter>
    </ClInclude>
    <ClInclude Include="..\..\..\bmstu_oop\oop_lab3\model\jcolor.h">
      <Filter>View</Filter>
    </ClInclude>
    <ClInclude Include="jscreenrect.h">
      <Filter>View</Filter>
    </ClInclude>
    <ClInclude Include="jrenderer.h">
      <Filter>Managers\Renderer</Filter>
    </ClInclude>
    <ClInclude Include="jrenderercommands.h">
      <Filter>Managers</Filter>
    </ClInclude>
    <ClInclude Include="jmodelviewercreator.h">
      <Filter>Initialization</Filter>
    </ClInclude>
    <ClInclude Include="jcoords3dexception.h">
      <Filter>Exceptions\Header</Filter>
    </ClInclude>
    <ClInclude Include="jexception.h">
      <Filter>Exceptions\Header</Filter>
    </ClInclude>
    <ClInclude Include="jfileexception.h">
      <Filter>Exceptions\Header</Filter>
    </ClInclude>
    <ClInclude Include="jmodel3dexception.h">
      <Filter>Exceptions\Header</Filter>
    </ClInclude>
    <ClInclude Include="jtriangle3dexception.h">
      <Filter>Exceptions\Header</Filter>
    </ClInclude>
    <ClInclude Include="jcamera.h">
      <Filter>Model\Header</Filter>
    </ClInclude>
    <ClInclude Include="jcomposite.h">
      <Filter>Model\Header</Filter>
    </ClInclude>
    <ClInclude Include="jtransform.h">
      <Filter>Model\Header</Filter>
    </ClInclude>
    <ClInclude Include="jtransformaction.h">
      <Filter>Model\Header</Filter>
    </ClInclude>
    <ClInclude Include="jeulerangles.h">
      <Filter>Model\Header</Filter>
    </ClInclude>
    <ClInclude Include="jcommand.h">
      <Filter>Facade</Filter>
    </ClInclude>
    <ClInclude Include="jmodelviewer.h">
      <Filter>Facade</Filter>
    </ClInclude>
    <ClInclude Include="jscenemanager.h">
      <Filter>Managers</Filter>
    </ClInclude>
    <ClInclude Include="jscenemanagercommands.h">
      <Filter>Managers</Filter>
    </ClInclude>
    <ClInclude Include="jmanager.h">
      <Filter>Managers</Filter>
    </ClInclude>
    <ClInclude Include="jcomposite.h">
      <Filter>Data\Scene</Filter>
    </ClInclude>
    <ClInclude Include="jeulerangles.h">
      <Filter>Data\Basic</Filter>
    </ClInclude>
    <ClInclude Include="jtransform.h">
      <Filter>Data\Scene</Filter>
    </ClInclude>
    <ClInclude Include="jcoords3dexception.h">
      <Filter>Exceptions</Filter>
    </ClInclude>
    <ClInclude Include="jmodel3dexception.h">
      <Filter>Exceptions</Filter>
    </ClInclude>
    <ClInclude Include="jtriangle3dexception.h">
      <Filter>Exceptions</Filter>
    </ClInclude>
    <ClInclude Include="jexception.h">
      <Filter>Exceptions</Filter>
    </ClInclude>
    <ClInclude Include="jcamera.h">
      <Filter>Data\Scene</Filter>
    </ClInclude>
    <ClInclude Include="jfileexception.h">
      <Filter>Exceptions</Filter>
    </ClInclude>
    <ClInclude Include="jtransformaction.h">
      <Filter>Data\Scene</Filter>
    </ClInclude>
    <ClInclude Include="jinitializationmanager.h">
      <Filter>Managers</Filter>
    </ClInclude>
  </ItemGroup>
  <ItemGroup>
    <ClCompile Include="pch.cpp">
      <Filter>Precompile</Filter>
    </ClCompile>
    <ClCompile Include="jprintable.cpp">
      <Filter>Data</Filter>
    </ClCompile>
    <ClCompile Include="jexception.cpp">
      <Filter>Exceptions</Filter>
    </ClCompile>
    <ClCompile Include="jscreenpoint.cpp">
      <Filter>View</Filter>
    </ClCompile>
    <ClCompile Include="jscreenline.cpp">
      <Filter>View</Filter>
    </ClCompile>
    <ClCompile Include="jangle.cpp">
      <Filter>Data\Basic</Filter>
    </ClCompile>
    <ClCompile Include="jvector3d.cpp">
      <Filter>Data\Basic</Filter>
    </ClCompile>
    <ClCompile Include="jmodel3d.cpp">
      <Filter>Data\Scene</Filter>
    </ClCompile>
    <ClCompile Include="jmodelviewer.cpp">
      <Filter>Facade</Filter>
    </ClCompile>
    <ClCompile Include="jpolygonalmodel3d_impl.cpp">
      <Filter>Data\Scene</Filter>
    </ClCompile>
    <ClCompile Include="jpolygonalmodelcreator.cpp">
      <Filter>Initialization</Filter>
    </ClCompile>
    <ClCompile Include="jrenderer.cpp">
      <Filter>Managers\Renderer</Filter>
    </ClCompile>
    <ClCompile Include="jmodelviewercreator.cpp">
      <Filter>Initialization</Filter>
    </ClCompile>
    <ClCompile Include="jcomposite.cpp">
      <Filter>Model\Source</Filter>
    </ClCompile>
    <ClCompile Include="jeulerangles.cpp">
      <Filter>Model\Source</Filter>
    </ClCompile>
    <ClCompile Include="jmodelviewer.cpp">
      <Filter>Facade</Filter>
    </ClCompile>
    <ClCompile Include="jsceneobject.cpp">
      <Filter>Data\Scene</Filter>
    </ClCompile>
    <ClCompile Include="jcomposite.cpp">
      <Filter>Data\Scene</Filter>
    </ClCompile>
    <ClCompile Include="jeulerangles.cpp">
      <Filter>Data\Basic</Filter>
    </ClCompile>
    <ClCompile Include="jinitializationmanager.cpp">
      <Filter>Managers</Filter>
    </ClCompile>
    <ClCompile Include="jinitializationmanagercommands.cpp">
      <Filter>Managers</Filter>
    </ClCompile>
    <ClCompile Include="jscenemanager.cpp">
      <Filter>Managers</Filter>
    </ClCompile>
  </ItemGroup>
  <ItemGroup>
    <None Include=".editorconfig" />
    <None Include="ClassDiagram1.cd" />
  </ItemGroup>
</Project>