<?xml version="1.0" encoding="utf-8"?>
<Project ToolsVersion="4.0" xmlns="http://schemas.microsoft.com/developer/msbuild/2003">
  <ItemGroup>
    <Filter Include="Source Files">
      <UniqueIdentifier>{4FC737F1-C7A5-4376-A066-2A32D752A2FF}</UniqueIdentifier>
      <Extensions>cpp;c;cc;cxx;def;odl;idl;hpj;bat;asm;asmx</Extensions>
    </Filter>
    <Filter Include="Header Files">
      <UniqueIdentifier>{93995380-89BD-4b04-88EB-625FBE52EBFB}</UniqueIdentifier>
      <Extensions>h;hh;hpp;hxx;hm;inl;inc;xsd</Extensions>
    </Filter>
    <Filter Include="Translation Files">
      <UniqueIdentifier>{639EADAA-A684-42e4-A9AD-28FC9BCB8F7C}</UniqueIdentifier>
      <Extensions>ts</Extensions>
    </Filter>
    <Filter Include="UI">
      <UniqueIdentifier>{99349809-55BA-4b9d-BF79-8FDBB0286EB3}</UniqueIdentifier>
      <Extensions>ui</Extensions>
    </Filter>
  </ItemGroup>
  <ItemGroup>
    <QtMoc Include="Canvas.hpp">
      <Filter>UI</Filter>
    </QtMoc>
    <QtMoc Include="MainWindow.hpp">
      <Filter>UI</Filter>
    </QtMoc>
  </ItemGroup>
  <ItemGroup>
    <ClCompile Include="main.cpp">
      <Filter>UI</Filter>
    </ClCompile>
    <ClCompile Include="Canvas.cpp">
      <Filter>UI</Filter>
    </ClCompile>
    <ClCompile Include="MainWindow.cpp">
      <Filter>UI</Filter>
    </ClCompile>
    <ClCompile Include="ExecuteCmd.hpp">
      <Filter>Header Files</Filter>
    </ClCompile>
    <ClCompile Include="ExecuteCmd.cpp">
      <Filter>Source Files</Filter>
    </ClCompile>
    <ClCompile Include="ModelFile.cpp">
      <Filter>Source Files</Filter>
    </ClCompile>
    <ClCompile Include="Projection.cpp">
      <Filter>Source Files</Filter>
    </ClCompile>
    <ClCompile Include="String.cpp">
      <Filter>Source Files</Filter>
    </ClCompile>
    <ClCompile Include="Action.cpp">
      <Filter>Source Files</Filter>
    </ClCompile>
    <ClCompile Include="Model3D.cpp">
      <Filter>Source Files</Filter>
    </ClCompile>
  </ItemGroup>
  <ItemGroup>
    <QtRcc Include="MainWindow.qrc">
      <Filter>UI</Filter>
    </QtRcc>
  </ItemGroup>
  <ItemGroup>
    <ClInclude Include="Point.hpp">
      <Filter>Header Files</Filter>
    </ClInclude>
    <ClInclude Include="Model3D.hpp">
      <Filter>Header Files</Filter>
    </ClInclude>
    <ClInclude Include="Exit.hpp">
      <Filter>Header Files</Filter>
    </ClInclude>
    <ClInclude Include="Projection.hpp">
      <Filter>Header Files</Filter>
    </ClInclude>
    <ClInclude Include="ModelFile.hpp">
      <Filter>Header Files</Filter>
    </ClInclude>
    <ClInclude Include="Action.hpp">
      <Filter>Header Files</Filter>
    </ClInclude>
    <ClInclude Include="Vector.hpp">
      <Filter>Header Files</Filter>
    </ClInclude>
    <ClInclude Include="MemoryImpl.hpp">
      <Filter>Header Files</Filter>
    </ClInclude>
    <ClInclude Include="String.hpp">
      <Filter>Header Files</Filter>
    </ClInclude>
    <ClInclude Include="Types.hpp">
      <Filter>Header Files</Filter>
    </ClInclude>
  </ItemGroup>
</Project>